
Microsoft Visual Studio Solution File, Format Version 12.00
# Visual Studio Version 17
VisualStudioVersion = 17.0.31912.275
MinimumVisualStudioVersion = 10.0.40219.1
Project("{9A19103F-16F7-4668-BE54-9A1E7A4F7556}") = "BasePlcDtAt", "BasePlcDtAt\BasePlcDtAt.csproj", "{7B0AAA23-C089-460A-8754-0DF9B4DEDB2A}"
EndProject
Project("{9A19103F-16F7-4668-BE54-9A1E7A4F7556}") = "LibUtil", "LibUtil\LibUtil.csproj", "{ED7BA591-3DC8-40A6-9783-DBA6C009619A}"
EndProject
Project("{9A19103F-16F7-4668-BE54-9A1E7A4F7556}") = "LibUtil.Test", "LibUtil.Test\LibUtil.Test.csproj", "{50D0960C-199A-4800-B839-3F4272F9B741}"
EndProject
Project("{9A19103F-16F7-4668-BE54-9A1E7A4F7556}") = "LibPlcTools", "LibPlcTools\LibPlcTools.csproj", "{975CEE21-14DD-44BD-A29F-F2425ECA26F2}"
EndProject
Project("{9A19103F-16F7-4668-BE54-9A1E7A4F7556}") = "LibPlcTools.Test", "LibPlcTools.Test\LibPlcTools.Test.csproj", "{9670344C-2B3D-4943-A848-CC16F39D7A9D}"
EndProject
Project("{9A19103F-16F7-4668-BE54-9A1E7A4F7556}") = "LibHydraulik", "LibHydraulik\LibHydraulik.csproj", "{8B7683FA-E22C-4655-82BF-42C5950A2A8D}"
EndProject
Project("{9A19103F-16F7-4668-BE54-9A1E7A4F7556}") = "LibHydraulik.Test", "LibHydraulik.Test\LibHydraulik.Test.csproj", "{572E300F-A5CB-4515-A8B2-077F8EFE3D8A}"
EndProject
Project("{9A19103F-16F7-4668-BE54-9A1E7A4F7556}") = "LibRegler.Test", "LibRegler.Test\LibRegler.Test.csproj", "{C4D3144C-DFF4-4AE0-8475-14CEEC5252C7}"
EndProject
Project("{9A19103F-16F7-4668-BE54-9A1E7A4F7556}") = "LibRegler", "LibRegler\LibRegler.csproj", "{D694AE2C-E86C-4C7A-AF60-2D5007AE2F83}"
EndProject
Project("{9A19103F-16F7-4668-BE54-9A1E7A4F7556}") = "DtBlinker", "DtBlinker\DtBlinker.csproj", "{E094BCBB-6850-44D6-88D0-20193B621449}"
EndProject
Project("{9A19103F-16F7-4668-BE54-9A1E7A4F7556}") = "LibDatenstruktur", "LibDatenstruktur\LibDatenstruktur.csproj", "{1E99FAB3-B0BD-47B9-8524-E1C69DB5A7CC}"
EndProject
Project("{9A19103F-16F7-4668-BE54-9A1E7A4F7556}") = "LibDatenstruktur.Test", "LibDatenstruktur.Test\LibDatenstruktur.Test.csproj", "{0FAEF57E-4B21-47C9-B197-4B72823A7BDA}"
EndProject
Project("{9A19103F-16F7-4668-BE54-9A1E7A4F7556}") = "DtKata", "DtKata\DtKata.csproj", "{55B49175-812C-4A38-A2A5-034945847E11}"
EndProject
Project("{9A19103F-16F7-4668-BE54-9A1E7A4F7556}") = "LibConfigPlc", "LibConfigPlc\LibConfigPlc.csproj", "{C42D4853-0A63-414D-8A15-47A484E16AA7}"
EndProject
Project("{9A19103F-16F7-4668-BE54-9A1E7A4F7556}") = "LibConfigPlc.Test", "LibConfigPlc.Test\LibConfigPlc.Test.csproj", "{E8613797-FC5F-40BE-AE8F-B1A1E3823CAE}"
EndProject
Project("{9A19103F-16F7-4668-BE54-9A1E7A4F7556}") = "LibWpf", "LibWpf\LibWpf.csproj", "{57E29E6D-9D33-43AB-8674-42DA3D14B254}"
EndProject
Project("{9A19103F-16F7-4668-BE54-9A1E7A4F7556}") = "LibDisplayPlc", "LibDisplayPlc\LibDisplayPlc.csproj", "{380BE225-AB0F-49FC-AFC9-C6C25595D3E7}"
EndProject
Project("{9A19103F-16F7-4668-BE54-9A1E7A4F7556}") = "LibAutoTest", "LibAutoTest\LibAutoTest.csproj", "{22F8A449-D8B8-4707-B40A-5DB5241930B6}"
EndProject
Project("{9A19103F-16F7-4668-BE54-9A1E7A4F7556}") = "LibAutoTestSilk", "LibAutoTestSilk\LibAutoTestSilk.csproj", "{8E16B5EB-EA0F-49FC-8E39-FAD61F4511BC}"
EndProject
Project("{9A19103F-16F7-4668-BE54-9A1E7A4F7556}") = "LibPlcKommunikation", "LibPlcKommunikation\LibPlcKommunikation.csproj", "{674A6CB8-89E4-4BDE-BC99-5F5A7459EEDE}"
EndProject
Project("{9A19103F-16F7-4668-BE54-9A1E7A4F7556}") = "DtFibonacci", "DtFibonacci\DtFibonacci.csproj", "{046C9327-A4D2-4DC2-AE45-98BCA46845B3}"
EndProject
Project("{9A19103F-16F7-4668-BE54-9A1E7A4F7556}") = "DtLinearachse", "DtLinearachse\DtLinearachse.csproj", "{98148BA7-01EE-4CCE-A291-81661FCFBF94}"
EndProject
Project("{9A19103F-16F7-4668-BE54-9A1E7A4F7556}") = "DtGetriebemotor", "DtGetriebemotor\DtGetriebemotor.csproj", "{C41DAFED-071C-4D3E-86D3-7FE1682E80D9}"
EndProject
Project("{9A19103F-16F7-4668-BE54-9A1E7A4F7556}") = "LibPlcTestautomat", "LibPlcTestautomat\LibPlcTestautomat.csproj", "{58557FF9-87A1-496C-9101-2E9B0D5BEAE5}"
EndProject
Project("{9A19103F-16F7-4668-BE54-9A1E7A4F7556}") = "Contracts", "Contracts\Contracts.csproj", "{6641D1D3-DBCC-4244-A003-434F586087CD}"
EndProject
Project("{9A19103F-16F7-4668-BE54-9A1E7A4F7556}") = "LibPlcTestautomat.Test", "LibPlcTestautomat.Test\LibPlcTestautomat.Test.csproj", "{CD145402-56E1-4F47-ABCF-EDB508887438}"
EndProject
Project("{9A19103F-16F7-4668-BE54-9A1E7A4F7556}") = "DtLap2010_1_Kompressoranlage", "DtLap2010_1_Kompressoranlage\DtLap2010_1_Kompressoranlage.csproj", "{27783BC4-494E-4F49-8D93-8ACD8EA59B0A}"
EndProject
Project("{9A19103F-16F7-4668-BE54-9A1E7A4F7556}") = "DtLap2010_2_Transportwagen", "DtLap2010_2_Transportwagen\DtLap2010_2_Transportwagen.csproj", "{838AB929-D9EE-4A8F-9320-57D5E902107B}"
EndProject
Project("{9A19103F-16F7-4668-BE54-9A1E7A4F7556}") = "DtLap2010_3_Ofentuersteuerung", "DtLap2010_3_Ofentuersteuerung\DtLap2010_3_Ofentuersteuerung.csproj", "{B1D66DCA-FD44-482C-9C90-32C73DEF1521}"
EndProject
Project("{9A19103F-16F7-4668-BE54-9A1E7A4F7556}") = "DtLap2010_4_Abfuellanlage", "DtLap2010_4_Abfuellanlage\DtLap2010_4_Abfuellanlage.csproj", "{BE6D6798-F1BD-4FED-9219-664AF9EFD8E7}"
EndProject
Project("{9A19103F-16F7-4668-BE54-9A1E7A4F7556}") = "DtLap2010_5_Pumpensteuerung", "DtLap2010_5_Pumpensteuerung\DtLap2010_5_Pumpensteuerung.csproj", "{C29D7AA8-6113-4BD0-A7E8-F6FDBC8B3F3A}"
EndProject
Project("{9A19103F-16F7-4668-BE54-9A1E7A4F7556}") = "LibGaugeControl", "LibGaugeControl\LibGaugeControl.csproj", "{86D87FD7-33ED-4F12-92D0-53A32BF0B43F}"
EndProject
Project("{9A19103F-16F7-4668-BE54-9A1E7A4F7556}") = "LibHighResTimer", "LibHighResolutionTimer\LibHighResTimer.csproj", "{134EAA45-478C-4BB7-BE9A-A9D51B6A55CB}"
EndProject
Project("{9A19103F-16F7-4668-BE54-9A1E7A4F7556}") = "LibHighResTimer.Test", "LibHighResolutionTimer.Test\LibHighResTimer.Test.csproj", "{1544A1F1-DFCE-4FDE-87B3-EF913583E329}"
EndProject
Project("{9A19103F-16F7-4668-BE54-9A1E7A4F7556}") = "DtSchleifmaschine", "DtSchleifmaschine\DtSchleifmaschine.csproj", "{352037B6-B8E1-49B1-AB3F-BD74A861903A}"
EndProject
Project("{9A19103F-16F7-4668-BE54-9A1E7A4F7556}") = "DtNadeltelegraph", "DtNadeltelegraph\DtNadeltelegraph.csproj", "{CEE23395-A695-413F-A234-223229C6221A}"
EndProject
Project("{FAE04EC0-301F-11D3-BF4B-00C04F79EFBC}") = "DtLap2018_1_Silosteuerung", "DtLap2018_1_Silosteuerung\DtLap2018_1_Silosteuerung.csproj", "{EAC45D1B-9C8D-4E08-AD76-B769872A1344}"
EndProject
Global
	GlobalSection(SolutionConfigurationPlatforms) = preSolution
		Debug|Any CPU = Debug|Any CPU
		Release|Any CPU = Release|Any CPU
	EndGlobalSection
	GlobalSection(ProjectConfigurationPlatforms) = postSolution
		{7B0AAA23-C089-460A-8754-0DF9B4DEDB2A}.Debug|Any CPU.ActiveCfg = Debug|Any CPU
		{7B0AAA23-C089-460A-8754-0DF9B4DEDB2A}.Debug|Any CPU.Build.0 = Debug|Any CPU
		{7B0AAA23-C089-460A-8754-0DF9B4DEDB2A}.Release|Any CPU.ActiveCfg = Release|Any CPU
		{7B0AAA23-C089-460A-8754-0DF9B4DEDB2A}.Release|Any CPU.Build.0 = Release|Any CPU
		{ED7BA591-3DC8-40A6-9783-DBA6C009619A}.Debug|Any CPU.ActiveCfg = Debug|Any CPU
		{ED7BA591-3DC8-40A6-9783-DBA6C009619A}.Debug|Any CPU.Build.0 = Debug|Any CPU
		{ED7BA591-3DC8-40A6-9783-DBA6C009619A}.Release|Any CPU.ActiveCfg = Release|Any CPU
		{ED7BA591-3DC8-40A6-9783-DBA6C009619A}.Release|Any CPU.Build.0 = Release|Any CPU
		{50D0960C-199A-4800-B839-3F4272F9B741}.Debug|Any CPU.ActiveCfg = Debug|Any CPU
		{50D0960C-199A-4800-B839-3F4272F9B741}.Debug|Any CPU.Build.0 = Debug|Any CPU
		{50D0960C-199A-4800-B839-3F4272F9B741}.Release|Any CPU.ActiveCfg = Release|Any CPU
		{50D0960C-199A-4800-B839-3F4272F9B741}.Release|Any CPU.Build.0 = Release|Any CPU
		{975CEE21-14DD-44BD-A29F-F2425ECA26F2}.Debug|Any CPU.ActiveCfg = Debug|Any CPU
		{975CEE21-14DD-44BD-A29F-F2425ECA26F2}.Debug|Any CPU.Build.0 = Debug|Any CPU
		{975CEE21-14DD-44BD-A29F-F2425ECA26F2}.Release|Any CPU.ActiveCfg = Release|Any CPU
		{975CEE21-14DD-44BD-A29F-F2425ECA26F2}.Release|Any CPU.Build.0 = Release|Any CPU
		{9670344C-2B3D-4943-A848-CC16F39D7A9D}.Debug|Any CPU.ActiveCfg = Debug|Any CPU
		{9670344C-2B3D-4943-A848-CC16F39D7A9D}.Debug|Any CPU.Build.0 = Debug|Any CPU
		{9670344C-2B3D-4943-A848-CC16F39D7A9D}.Release|Any CPU.ActiveCfg = Release|Any CPU
		{9670344C-2B3D-4943-A848-CC16F39D7A9D}.Release|Any CPU.Build.0 = Release|Any CPU
		{8B7683FA-E22C-4655-82BF-42C5950A2A8D}.Debug|Any CPU.ActiveCfg = Debug|Any CPU
		{8B7683FA-E22C-4655-82BF-42C5950A2A8D}.Debug|Any CPU.Build.0 = Debug|Any CPU
		{8B7683FA-E22C-4655-82BF-42C5950A2A8D}.Release|Any CPU.ActiveCfg = Release|Any CPU
		{8B7683FA-E22C-4655-82BF-42C5950A2A8D}.Release|Any CPU.Build.0 = Release|Any CPU
		{572E300F-A5CB-4515-A8B2-077F8EFE3D8A}.Debug|Any CPU.ActiveCfg = Debug|Any CPU
		{572E300F-A5CB-4515-A8B2-077F8EFE3D8A}.Debug|Any CPU.Build.0 = Debug|Any CPU
		{572E300F-A5CB-4515-A8B2-077F8EFE3D8A}.Release|Any CPU.ActiveCfg = Release|Any CPU
		{572E300F-A5CB-4515-A8B2-077F8EFE3D8A}.Release|Any CPU.Build.0 = Release|Any CPU
		{C4D3144C-DFF4-4AE0-8475-14CEEC5252C7}.Debug|Any CPU.ActiveCfg = Debug|Any CPU
		{C4D3144C-DFF4-4AE0-8475-14CEEC5252C7}.Debug|Any CPU.Build.0 = Debug|Any CPU
		{C4D3144C-DFF4-4AE0-8475-14CEEC5252C7}.Release|Any CPU.ActiveCfg = Release|Any CPU
		{C4D3144C-DFF4-4AE0-8475-14CEEC5252C7}.Release|Any CPU.Build.0 = Release|Any CPU
		{D694AE2C-E86C-4C7A-AF60-2D5007AE2F83}.Debug|Any CPU.ActiveCfg = Debug|Any CPU
		{D694AE2C-E86C-4C7A-AF60-2D5007AE2F83}.Debug|Any CPU.Build.0 = Debug|Any CPU
		{D694AE2C-E86C-4C7A-AF60-2D5007AE2F83}.Release|Any CPU.ActiveCfg = Release|Any CPU
		{D694AE2C-E86C-4C7A-AF60-2D5007AE2F83}.Release|Any CPU.Build.0 = Release|Any CPU
		{E094BCBB-6850-44D6-88D0-20193B621449}.Debug|Any CPU.ActiveCfg = Debug|Any CPU
		{E094BCBB-6850-44D6-88D0-20193B621449}.Debug|Any CPU.Build.0 = Debug|Any CPU
		{E094BCBB-6850-44D6-88D0-20193B621449}.Release|Any CPU.ActiveCfg = Release|Any CPU
		{E094BCBB-6850-44D6-88D0-20193B621449}.Release|Any CPU.Build.0 = Release|Any CPU
		{1E99FAB3-B0BD-47B9-8524-E1C69DB5A7CC}.Debug|Any CPU.ActiveCfg = Debug|Any CPU
		{1E99FAB3-B0BD-47B9-8524-E1C69DB5A7CC}.Debug|Any CPU.Build.0 = Debug|Any CPU
		{1E99FAB3-B0BD-47B9-8524-E1C69DB5A7CC}.Release|Any CPU.ActiveCfg = Release|Any CPU
		{1E99FAB3-B0BD-47B9-8524-E1C69DB5A7CC}.Release|Any CPU.Build.0 = Release|Any CPU
		{0FAEF57E-4B21-47C9-B197-4B72823A7BDA}.Debug|Any CPU.ActiveCfg = Debug|Any CPU
		{0FAEF57E-4B21-47C9-B197-4B72823A7BDA}.Debug|Any CPU.Build.0 = Debug|Any CPU
		{0FAEF57E-4B21-47C9-B197-4B72823A7BDA}.Release|Any CPU.ActiveCfg = Release|Any CPU
		{0FAEF57E-4B21-47C9-B197-4B72823A7BDA}.Release|Any CPU.Build.0 = Release|Any CPU
		{55B49175-812C-4A38-A2A5-034945847E11}.Debug|Any CPU.ActiveCfg = Debug|Any CPU
		{55B49175-812C-4A38-A2A5-034945847E11}.Debug|Any CPU.Build.0 = Debug|Any CPU
		{55B49175-812C-4A38-A2A5-034945847E11}.Release|Any CPU.ActiveCfg = Release|Any CPU
		{55B49175-812C-4A38-A2A5-034945847E11}.Release|Any CPU.Build.0 = Release|Any CPU
		{C42D4853-0A63-414D-8A15-47A484E16AA7}.Debug|Any CPU.ActiveCfg = Debug|Any CPU
		{C42D4853-0A63-414D-8A15-47A484E16AA7}.Debug|Any CPU.Build.0 = Debug|Any CPU
		{C42D4853-0A63-414D-8A15-47A484E16AA7}.Release|Any CPU.ActiveCfg = Release|Any CPU
		{C42D4853-0A63-414D-8A15-47A484E16AA7}.Release|Any CPU.Build.0 = Release|Any CPU
		{E8613797-FC5F-40BE-AE8F-B1A1E3823CAE}.Debug|Any CPU.ActiveCfg = Debug|Any CPU
		{E8613797-FC5F-40BE-AE8F-B1A1E3823CAE}.Debug|Any CPU.Build.0 = Debug|Any CPU
		{E8613797-FC5F-40BE-AE8F-B1A1E3823CAE}.Release|Any CPU.ActiveCfg = Release|Any CPU
		{E8613797-FC5F-40BE-AE8F-B1A1E3823CAE}.Release|Any CPU.Build.0 = Release|Any CPU
		{57E29E6D-9D33-43AB-8674-42DA3D14B254}.Debug|Any CPU.ActiveCfg = Debug|Any CPU
		{57E29E6D-9D33-43AB-8674-42DA3D14B254}.Debug|Any CPU.Build.0 = Debug|Any CPU
		{57E29E6D-9D33-43AB-8674-42DA3D14B254}.Release|Any CPU.ActiveCfg = Release|Any CPU
		{57E29E6D-9D33-43AB-8674-42DA3D14B254}.Release|Any CPU.Build.0 = Release|Any CPU
		{380BE225-AB0F-49FC-AFC9-C6C25595D3E7}.Debug|Any CPU.ActiveCfg = Debug|Any CPU
		{380BE225-AB0F-49FC-AFC9-C6C25595D3E7}.Debug|Any CPU.Build.0 = Debug|Any CPU
		{380BE225-AB0F-49FC-AFC9-C6C25595D3E7}.Release|Any CPU.ActiveCfg = Release|Any CPU
		{380BE225-AB0F-49FC-AFC9-C6C25595D3E7}.Release|Any CPU.Build.0 = Release|Any CPU
		{22F8A449-D8B8-4707-B40A-5DB5241930B6}.Debug|Any CPU.ActiveCfg = Debug|Any CPU
		{22F8A449-D8B8-4707-B40A-5DB5241930B6}.Debug|Any CPU.Build.0 = Debug|Any CPU
		{22F8A449-D8B8-4707-B40A-5DB5241930B6}.Release|Any CPU.ActiveCfg = Release|Any CPU
		{22F8A449-D8B8-4707-B40A-5DB5241930B6}.Release|Any CPU.Build.0 = Release|Any CPU
		{8E16B5EB-EA0F-49FC-8E39-FAD61F4511BC}.Debug|Any CPU.ActiveCfg = Debug|Any CPU
		{8E16B5EB-EA0F-49FC-8E39-FAD61F4511BC}.Debug|Any CPU.Build.0 = Debug|Any CPU
		{8E16B5EB-EA0F-49FC-8E39-FAD61F4511BC}.Release|Any CPU.ActiveCfg = Release|Any CPU
		{8E16B5EB-EA0F-49FC-8E39-FAD61F4511BC}.Release|Any CPU.Build.0 = Release|Any CPU
		{674A6CB8-89E4-4BDE-BC99-5F5A7459EEDE}.Debug|Any CPU.ActiveCfg = Debug|Any CPU
		{674A6CB8-89E4-4BDE-BC99-5F5A7459EEDE}.Debug|Any CPU.Build.0 = Debug|Any CPU
		{674A6CB8-89E4-4BDE-BC99-5F5A7459EEDE}.Release|Any CPU.ActiveCfg = Release|Any CPU
		{674A6CB8-89E4-4BDE-BC99-5F5A7459EEDE}.Release|Any CPU.Build.0 = Release|Any CPU
		{046C9327-A4D2-4DC2-AE45-98BCA46845B3}.Debug|Any CPU.ActiveCfg = Debug|Any CPU
		{046C9327-A4D2-4DC2-AE45-98BCA46845B3}.Debug|Any CPU.Build.0 = Debug|Any CPU
		{046C9327-A4D2-4DC2-AE45-98BCA46845B3}.Release|Any CPU.ActiveCfg = Release|Any CPU
		{046C9327-A4D2-4DC2-AE45-98BCA46845B3}.Release|Any CPU.Build.0 = Release|Any CPU
		{98148BA7-01EE-4CCE-A291-81661FCFBF94}.Debug|Any CPU.ActiveCfg = Debug|Any CPU
		{98148BA7-01EE-4CCE-A291-81661FCFBF94}.Debug|Any CPU.Build.0 = Debug|Any CPU
		{98148BA7-01EE-4CCE-A291-81661FCFBF94}.Release|Any CPU.ActiveCfg = Release|Any CPU
		{98148BA7-01EE-4CCE-A291-81661FCFBF94}.Release|Any CPU.Build.0 = Release|Any CPU
		{C41DAFED-071C-4D3E-86D3-7FE1682E80D9}.Debug|Any CPU.ActiveCfg = Debug|Any CPU
		{C41DAFED-071C-4D3E-86D3-7FE1682E80D9}.Debug|Any CPU.Build.0 = Debug|Any CPU
		{C41DAFED-071C-4D3E-86D3-7FE1682E80D9}.Release|Any CPU.ActiveCfg = Release|Any CPU
		{C41DAFED-071C-4D3E-86D3-7FE1682E80D9}.Release|Any CPU.Build.0 = Release|Any CPU
		{58557FF9-87A1-496C-9101-2E9B0D5BEAE5}.Debug|Any CPU.ActiveCfg = Debug|Any CPU
		{58557FF9-87A1-496C-9101-2E9B0D5BEAE5}.Debug|Any CPU.Build.0 = Debug|Any CPU
		{58557FF9-87A1-496C-9101-2E9B0D5BEAE5}.Release|Any CPU.ActiveCfg = Release|Any CPU
		{58557FF9-87A1-496C-9101-2E9B0D5BEAE5}.Release|Any CPU.Build.0 = Release|Any CPU
		{6641D1D3-DBCC-4244-A003-434F586087CD}.Debug|Any CPU.ActiveCfg = Debug|Any CPU
		{6641D1D3-DBCC-4244-A003-434F586087CD}.Debug|Any CPU.Build.0 = Debug|Any CPU
		{6641D1D3-DBCC-4244-A003-434F586087CD}.Release|Any CPU.ActiveCfg = Release|Any CPU
		{6641D1D3-DBCC-4244-A003-434F586087CD}.Release|Any CPU.Build.0 = Release|Any CPU
		{CD145402-56E1-4F47-ABCF-EDB508887438}.Debug|Any CPU.ActiveCfg = Debug|Any CPU
		{CD145402-56E1-4F47-ABCF-EDB508887438}.Debug|Any CPU.Build.0 = Debug|Any CPU
		{CD145402-56E1-4F47-ABCF-EDB508887438}.Release|Any CPU.ActiveCfg = Release|Any CPU
		{CD145402-56E1-4F47-ABCF-EDB508887438}.Release|Any CPU.Build.0 = Release|Any CPU
		{27783BC4-494E-4F49-8D93-8ACD8EA59B0A}.Debug|Any CPU.ActiveCfg = Debug|Any CPU
		{27783BC4-494E-4F49-8D93-8ACD8EA59B0A}.Debug|Any CPU.Build.0 = Debug|Any CPU
		{27783BC4-494E-4F49-8D93-8ACD8EA59B0A}.Release|Any CPU.ActiveCfg = Release|Any CPU
		{27783BC4-494E-4F49-8D93-8ACD8EA59B0A}.Release|Any CPU.Build.0 = Release|Any CPU
		{838AB929-D9EE-4A8F-9320-57D5E902107B}.Debug|Any CPU.ActiveCfg = Debug|Any CPU
		{838AB929-D9EE-4A8F-9320-57D5E902107B}.Debug|Any CPU.Build.0 = Debug|Any CPU
		{838AB929-D9EE-4A8F-9320-57D5E902107B}.Release|Any CPU.ActiveCfg = Release|Any CPU
		{838AB929-D9EE-4A8F-9320-57D5E902107B}.Release|Any CPU.Build.0 = Release|Any CPU
		{B1D66DCA-FD44-482C-9C90-32C73DEF1521}.Debug|Any CPU.ActiveCfg = Debug|Any CPU
		{B1D66DCA-FD44-482C-9C90-32C73DEF1521}.Debug|Any CPU.Build.0 = Debug|Any CPU
		{B1D66DCA-FD44-482C-9C90-32C73DEF1521}.Release|Any CPU.ActiveCfg = Release|Any CPU
		{B1D66DCA-FD44-482C-9C90-32C73DEF1521}.Release|Any CPU.Build.0 = Release|Any CPU
		{BE6D6798-F1BD-4FED-9219-664AF9EFD8E7}.Debug|Any CPU.ActiveCfg = Debug|Any CPU
		{BE6D6798-F1BD-4FED-9219-664AF9EFD8E7}.Debug|Any CPU.Build.0 = Debug|Any CPU
		{BE6D6798-F1BD-4FED-9219-664AF9EFD8E7}.Release|Any CPU.ActiveCfg = Release|Any CPU
		{BE6D6798-F1BD-4FED-9219-664AF9EFD8E7}.Release|Any CPU.Build.0 = Release|Any CPU
		{C29D7AA8-6113-4BD0-A7E8-F6FDBC8B3F3A}.Debug|Any CPU.ActiveCfg = Debug|Any CPU
		{C29D7AA8-6113-4BD0-A7E8-F6FDBC8B3F3A}.Debug|Any CPU.Build.0 = Debug|Any CPU
		{C29D7AA8-6113-4BD0-A7E8-F6FDBC8B3F3A}.Release|Any CPU.ActiveCfg = Release|Any CPU
		{C29D7AA8-6113-4BD0-A7E8-F6FDBC8B3F3A}.Release|Any CPU.Build.0 = Release|Any CPU
		{86D87FD7-33ED-4F12-92D0-53A32BF0B43F}.Debug|Any CPU.ActiveCfg = Debug|Any CPU
		{86D87FD7-33ED-4F12-92D0-53A32BF0B43F}.Debug|Any CPU.Build.0 = Debug|Any CPU
		{86D87FD7-33ED-4F12-92D0-53A32BF0B43F}.Release|Any CPU.ActiveCfg = Release|Any CPU
		{86D87FD7-33ED-4F12-92D0-53A32BF0B43F}.Release|Any CPU.Build.0 = Release|Any CPU
		{134EAA45-478C-4BB7-BE9A-A9D51B6A55CB}.Debug|Any CPU.ActiveCfg = Debug|Any CPU
		{134EAA45-478C-4BB7-BE9A-A9D51B6A55CB}.Debug|Any CPU.Build.0 = Debug|Any CPU
		{134EAA45-478C-4BB7-BE9A-A9D51B6A55CB}.Release|Any CPU.ActiveCfg = Release|Any CPU
		{134EAA45-478C-4BB7-BE9A-A9D51B6A55CB}.Release|Any CPU.Build.0 = Release|Any CPU
		{1544A1F1-DFCE-4FDE-87B3-EF913583E329}.Debug|Any CPU.ActiveCfg = Debug|Any CPU
		{1544A1F1-DFCE-4FDE-87B3-EF913583E329}.Debug|Any CPU.Build.0 = Debug|Any CPU
		{1544A1F1-DFCE-4FDE-87B3-EF913583E329}.Release|Any CPU.ActiveCfg = Release|Any CPU
		{1544A1F1-DFCE-4FDE-87B3-EF913583E329}.Release|Any CPU.Build.0 = Release|Any CPU
		{352037B6-B8E1-49B1-AB3F-BD74A861903A}.Debug|Any CPU.ActiveCfg = Debug|Any CPU
		{352037B6-B8E1-49B1-AB3F-BD74A861903A}.Debug|Any CPU.Build.0 = Debug|Any CPU
		{352037B6-B8E1-49B1-AB3F-BD74A861903A}.Release|Any CPU.ActiveCfg = Release|Any CPU
		{352037B6-B8E1-49B1-AB3F-BD74A861903A}.Release|Any CPU.Build.0 = Release|Any CPU
		{CEE23395-A695-413F-A234-223229C6221A}.Debug|Any CPU.ActiveCfg = Debug|Any CPU
		{CEE23395-A695-413F-A234-223229C6221A}.Debug|Any CPU.Build.0 = Debug|Any CPU
		{CEE23395-A695-413F-A234-223229C6221A}.Release|Any CPU.ActiveCfg = Release|Any CPU
		{CEE23395-A695-413F-A234-223229C6221A}.Release|Any CPU.Build.0 = Release|Any CPU
		{EAC45D1B-9C8D-4E08-AD76-B769872A1344}.Debug|Any CPU.ActiveCfg = Debug|Any CPU
		{EAC45D1B-9C8D-4E08-AD76-B769872A1344}.Debug|Any CPU.Build.0 = Debug|Any CPU
		{EAC45D1B-9C8D-4E08-AD76-B769872A1344}.Release|Any CPU.ActiveCfg = Release|Any CPU
		{EAC45D1B-9C8D-4E08-AD76-B769872A1344}.Release|Any CPU.Build.0 = Release|Any CPU
	EndGlobalSection
	GlobalSection(SolutionProperties) = preSolution
		HideSolutionNode = FALSE
	EndGlobalSection
	GlobalSection(ExtensibilityGlobals) = postSolution
		SolutionGuid = {22AC9A1D-6880-4ADD-BC0F-3A184A30BBB6}
	EndGlobalSection
EndGlobal
